
Microsoft Visual Studio Solution File, Format Version 12.00
# Visual Studio 15
VisualStudioVersion = 15.0.28307.329
MinimumVisualStudioVersion = 10.0.40219.1
Project("{9A19103F-16F7-4668-BE54-9A1E7A4F7556}") = "BasketManager", "BasketManager\BasketManager.csproj", "{57B7B575-7EFE-4B47-89F2-7EE9A0DC3E3D}"
EndProject
Project("{9A19103F-16F7-4668-BE54-9A1E7A4F7556}") = "BasketManager.Api", "BasketManager.Api\BasketManager.Api.csproj", "{F617C525-3CA0-4B16-836E-09608728F48E}"
EndProject
Project("{9A19103F-16F7-4668-BE54-9A1E7A4F7556}") = "BasketManager.Api.Client", "BasketManager.Api.Client\BasketManager.Api.Client.csproj", "{8ECCD273-6F6E-4F8C-8FE6-BE826589BA18}"
	ProjectSection(ProjectDependencies) = postProject
		{F617C525-3CA0-4B16-836E-09608728F48E} = {F617C525-3CA0-4B16-836E-09608728F48E}
	EndProjectSection
EndProject
Project("{9A19103F-16F7-4668-BE54-9A1E7A4F7556}") = "Configuration", "Configuration\Configuration.csproj", "{186BF06C-4699-4C4B-9826-5EE312F1D3C7}"
EndProject
Project("{FAE04EC0-301F-11D3-BF4B-00C04F79EFBC}") = "BasketManager.Api.Client.Test", "BasketManager.Api.Client.Test\BasketManager.Api.Client.Test.csproj", "{5E8F6795-0A6F-4D53-8FC8-7EDE04AF7E9F}"
EndProject
Project("{2150E333-8FDC-42A3-9474-1A3956D46DE8}") = "Tests", "Tests", "{0BA1F195-70D0-4F1A-AF21-C1FCF953F951}"
EndProject
Project("{FAE04EC0-301F-11D3-BF4B-00C04F79EFBC}") = "BasketManager.Test", "BasketManager.Test\BasketManager.Test.csproj", "{6D173D05-E05A-4C2D-A935-F62E6090777F}"
EndProject
Project("{FAE04EC0-301F-11D3-BF4B-00C04F79EFBC}") = "BasketManager.Api.Test", "BasketManager.Api.Test\BasketManager.Api.Test.csproj", "{4B549864-10E4-407B-A8A4-E9D2CA1A66DB}"
EndProject
Project("{FAE04EC0-301F-11D3-BF4B-00C04F79EFBC}") = "Configuration.Test", "Configuration.Test\Configuration.Test.csproj", "{71EC67EB-2C40-47A9-95EA-8B87E4B1B42F}"
EndProject
Global
	GlobalSection(SolutionConfigurationPlatforms) = preSolution
		Debug|Any CPU = Debug|Any CPU
		Release|Any CPU = Release|Any CPU
	EndGlobalSection
	GlobalSection(ProjectConfigurationPlatforms) = postSolution
		{57B7B575-7EFE-4B47-89F2-7EE9A0DC3E3D}.Debug|Any CPU.ActiveCfg = Debug|Any CPU
		{57B7B575-7EFE-4B47-89F2-7EE9A0DC3E3D}.Debug|Any CPU.Build.0 = Debug|Any CPU
		{57B7B575-7EFE-4B47-89F2-7EE9A0DC3E3D}.Release|Any CPU.ActiveCfg = Release|Any CPU
		{57B7B575-7EFE-4B47-89F2-7EE9A0DC3E3D}.Release|Any CPU.Build.0 = Release|Any CPU
		{F617C525-3CA0-4B16-836E-09608728F48E}.Debug|Any CPU.ActiveCfg = Debug|Any CPU
		{F617C525-3CA0-4B16-836E-09608728F48E}.Debug|Any CPU.Build.0 = Debug|Any CPU
		{F617C525-3CA0-4B16-836E-09608728F48E}.Release|Any CPU.ActiveCfg = Release|Any CPU
		{F617C525-3CA0-4B16-836E-09608728F48E}.Release|Any CPU.Build.0 = Release|Any CPU
		{8ECCD273-6F6E-4F8C-8FE6-BE826589BA18}.Debug|Any CPU.ActiveCfg = Debug|Any CPU
		{8ECCD273-6F6E-4F8C-8FE6-BE826589BA18}.Debug|Any CPU.Build.0 = Debug|Any CPU
		{8ECCD273-6F6E-4F8C-8FE6-BE826589BA18}.Release|Any CPU.ActiveCfg = Release|Any CPU
		{8ECCD273-6F6E-4F8C-8FE6-BE826589BA18}.Release|Any CPU.Build.0 = Release|Any CPU
		{186BF06C-4699-4C4B-9826-5EE312F1D3C7}.Debug|Any CPU.ActiveCfg = Debug|Any CPU
		{186BF06C-4699-4C4B-9826-5EE312F1D3C7}.Debug|Any CPU.Build.0 = Debug|Any CPU
		{186BF06C-4699-4C4B-9826-5EE312F1D3C7}.Release|Any CPU.ActiveCfg = Release|Any CPU
		{186BF06C-4699-4C4B-9826-5EE312F1D3C7}.Release|Any CPU.Build.0 = Release|Any CPU
		{5E8F6795-0A6F-4D53-8FC8-7EDE04AF7E9F}.Debug|Any CPU.ActiveCfg = Debug|Any CPU
		{5E8F6795-0A6F-4D53-8FC8-7EDE04AF7E9F}.Debug|Any CPU.Build.0 = Debug|Any CPU
		{5E8F6795-0A6F-4D53-8FC8-7EDE04AF7E9F}.Release|Any CPU.ActiveCfg = Release|Any CPU
		{5E8F6795-0A6F-4D53-8FC8-7EDE04AF7E9F}.Release|Any CPU.Build.0 = Release|Any CPU
		{6D173D05-E05A-4C2D-A935-F62E6090777F}.Debug|Any CPU.ActiveCfg = Debug|Any CPU
		{6D173D05-E05A-4C2D-A935-F62E6090777F}.Debug|Any CPU.Build.0 = Debug|Any CPU
		{6D173D05-E05A-4C2D-A935-F62E6090777F}.Release|Any CPU.ActiveCfg = Release|Any CPU
		{6D173D05-E05A-4C2D-A935-F62E6090777F}.Release|Any CPU.Build.0 = Release|Any CPU
		{4B549864-10E4-407B-A8A4-E9D2CA1A66DB}.Debug|Any CPU.ActiveCfg = Debug|Any CPU
		{4B549864-10E4-407B-A8A4-E9D2CA1A66DB}.Debug|Any CPU.Build.0 = Debug|Any CPU
		{4B549864-10E4-407B-A8A4-E9D2CA1A66DB}.Release|Any CPU.ActiveCfg = Release|Any CPU
		{4B549864-10E4-407B-A8A4-E9D2CA1A66DB}.Release|Any CPU.Build.0 = Release|Any CPU
		{71EC67EB-2C40-47A9-95EA-8B87E4B1B42F}.Debug|Any CPU.ActiveCfg = Debug|Any CPU
		{71EC67EB-2C40-47A9-95EA-8B87E4B1B42F}.Debug|Any CPU.Build.0 = Debug|Any CPU
		{71EC67EB-2C40-47A9-95EA-8B87E4B1B42F}.Release|Any CPU.ActiveCfg = Release|Any CPU
		{71EC67EB-2C40-47A9-95EA-8B87E4B1B42F}.Release|Any CPU.Build.0 = Release|Any CPU
	EndGlobalSection
	GlobalSection(SolutionProperties) = preSolution
		HideSolutionNode = FALSE
	EndGlobalSection
	GlobalSection(NestedProjects) = preSolution
		{5E8F6795-0A6F-4D53-8FC8-7EDE04AF7E9F} = {0BA1F195-70D0-4F1A-AF21-C1FCF953F951}
		{6D173D05-E05A-4C2D-A935-F62E6090777F} = {0BA1F195-70D0-4F1A-AF21-C1FCF953F951}
		{4B549864-10E4-407B-A8A4-E9D2CA1A66DB} = {0BA1F195-70D0-4F1A-AF21-C1FCF953F951}
		{71EC67EB-2C40-47A9-95EA-8B87E4B1B42F} = {0BA1F195-70D0-4F1A-AF21-C1FCF953F951}
	EndGlobalSection
	GlobalSection(ExtensibilityGlobals) = postSolution
		SolutionGuid = {71A8D58A-DE33-4C86-99AF-4497005F777E}
	EndGlobalSection
EndGlobal
